// !$*UTF8*$!
{
	archiveVersion = 1;
	classes = {
	};
	objectVersion = 46;
	objects = {

/* Begin PBXBuildFile section */
		C24E02B41A787538005E3861 /* AppDelegate.swift in Sources */ = {isa = PBXBuildFile; fileRef = C24E02B31A787538005E3861 /* AppDelegate.swift */; };
		C24E02B91A787538005E3861 /* Main.storyboard in Resources */ = {isa = PBXBuildFile; fileRef = C24E02B71A787538005E3861 /* Main.storyboard */; };
		C24E02BB1A787538005E3861 /* Images.xcassets in Resources */ = {isa = PBXBuildFile; fileRef = C24E02BA1A787538005E3861 /* Images.xcassets */; };
		C24E02BE1A787539005E3861 /* LaunchScreen.xib in Resources */ = {isa = PBXBuildFile; fileRef = C24E02BC1A787539005E3861 /* LaunchScreen.xib */; };
		C24E02CA1A787539005E3861 /* ToDoList2Tests.swift in Sources */ = {isa = PBXBuildFile; fileRef = C24E02C91A787539005E3861 /* ToDoList2Tests.swift */; };
		C2A636291A78AC3000F82E9F /* ToDoItemViewController.swift in Sources */ = {isa = PBXBuildFile; fileRef = C2A636281A78AC3000F82E9F /* ToDoItemViewController.swift */; };
		C2A6362B1A78BADA00F82E9F /* ToDoListTableViewController.swift in Sources */ = {isa = PBXBuildFile; fileRef = C2A6362A1A78BADA00F82E9F /* ToDoListTableViewController.swift */; };
		C2FAEC111A790548007F7442 /* ToDoItem.swift in Sources */ = {isa = PBXBuildFile; fileRef = C2FAEC101A790548007F7442 /* ToDoItem.swift */; };
/* End PBXBuildFile section */

/* Begin PBXContainerItemProxy section */
		C24E02C41A787539005E3861 /* PBXContainerItemProxy */ = {
			isa = PBXContainerItemProxy;
			containerPortal = C24E02A61A787538005E3861 /* Project object */;
			proxyType = 1;
			remoteGlobalIDString = C24E02AD1A787538005E3861;
			remoteInfo = ToDoList2;
		};
/* End PBXContainerItemProxy section */

/* Begin PBXFileReference section */
		C24E02AE1A787538005E3861 /* ToDoList2.app */ = {isa = PBXFileReference; explicitFileType = wrapper.application; includeInIndex = 0; path = ToDoList2.app; sourceTree = BUILT_PRODUCTS_DIR; };
		C24E02B21A787538005E3861 /* Info.plist */ = {isa = PBXFileReference; lastKnownFileType = text.plist.xml; path = Info.plist; sourceTree = "<group>"; };
		C24E02B31A787538005E3861 /* AppDelegate.swift */ = {isa = PBXFileReference; lastKnownFileType = sourcecode.swift; path = AppDelegate.swift; sourceTree = "<group>"; };
		C24E02B81A787538005E3861 /* Base */ = {isa = PBXFileReference; lastKnownFileType = file.storyboard; name = Base; path = Base.lproj/Main.storyboard; sourceTree = "<group>"; };
		C24E02BA1A787538005E3861 /* Images.xcassets */ = {isa = PBXFileReference; lastKnownFileType = folder.assetcatalog; path = Images.xcassets; sourceTree = "<group>"; };
		C24E02BD1A787539005E3861 /* Base */ = {isa = PBXFileReference; lastKnownFileType = file.xib; name = Base; path = Base.lproj/LaunchScreen.xib; sourceTree = "<group>"; };
		C24E02C31A787539005E3861 /* ToDoList2Tests.xctest */ = {isa = PBXFileReference; explicitFileType = wrapper.cfbundle; includeInIndex = 0; path = ToDoList2Tests.xctest; sourceTree = BUILT_PRODUCTS_DIR; };
		C24E02C81A787539005E3861 /* Info.plist */ = {isa = PBXFileReference; lastKnownFileType = text.plist.xml; path = Info.plist; sourceTree = "<group>"; };
		C24E02C91A787539005E3861 /* ToDoList2Tests.swift */ = {isa = PBXFileReference; lastKnownFileType = sourcecode.swift; path = ToDoList2Tests.swift; sourceTree = "<group>"; };
		C2A636281A78AC3000F82E9F /* ToDoItemViewController.swift */ = {isa = PBXFileReference; fileEncoding = 4; lastKnownFileType = sourcecode.swift; path = ToDoItemViewController.swift; sourceTree = "<group>"; };
		C2A6362A1A78BADA00F82E9F /* ToDoListTableViewController.swift */ = {isa = PBXFileReference; fileEncoding = 4; lastKnownFileType = sourcecode.swift; path = ToDoListTableViewController.swift; sourceTree = "<group>"; };
		C2FAEC101A790548007F7442 /* ToDoItem.swift */ = {isa = PBXFileReference; fileEncoding = 4; lastKnownFileType = sourcecode.swift; path = ToDoItem.swift; sourceTree = "<group>"; };
/* End PBXFileReference section */

/* Begin PBXFrameworksBuildPhase section */
		C24E02AB1A787538005E3861 /* Frameworks */ = {
			isa = PBXFrameworksBuildPhase;
			buildActionMask = 2147483647;
			files = (
			);
			runOnlyForDeploymentPostprocessing = 0;
		};
		C24E02C01A787539005E3861 /* Frameworks */ = {
			isa = PBXFrameworksBuildPhase;
			buildActionMask = 2147483647;
			files = (
			);
			runOnlyForDeploymentPostprocessing = 0;
		};
/* End PBXFrameworksBuildPhase section */

/* Begin PBXGroup section */
		C24E02A51A787538005E3861 = {
			isa = PBXGroup;
			children = (
				C24E02B01A787538005E3861 /* ToDoList2 */,
				C24E02C61A787539005E3861 /* ToDoList2Tests */,
				C24E02AF1A787538005E3861 /* Products */,
			);
			sourceTree = "<group>";
		};
		C24E02AF1A787538005E3861 /* Products */ = {
			isa = PBXGroup;
			children = (
				C24E02AE1A787538005E3861 /* ToDoList2.app */,
				C24E02C31A787539005E3861 /* ToDoList2Tests.xctest */,
			);
			name = Products;
			sourceTree = "<group>";
		};
		C24E02B01A787538005E3861 /* ToDoList2 */ = {
			isa = PBXGroup;
			children = (
				C24E02B31A787538005E3861 /* AppDelegate.swift */,
				C24E02B71A787538005E3861 /* Main.storyboard */,
				C2A6362A1A78BADA00F82E9F /* ToDoListTableViewController.swift */,
				C2FAEC101A790548007F7442 /* ToDoItem.swift */,
				C2A636281A78AC3000F82E9F /* ToDoItemViewController.swift */,
				C24E02BA1A787538005E3861 /* Images.xcassets */,
				C24E02BC1A787539005E3861 /* LaunchScreen.xib */,
				C24E02B11A787538005E3861 /* Supporting Files */,
			);
			path = ToDoList2;
			sourceTree = "<group>";
		};
		C24E02B11A787538005E3861 /* Supporting Files */ = {
			isa = PBXGroup;
			children = (
				C24E02B21A787538005E3861 /* Info.plist */,
			);
			name = "Supporting Files";
			sourceTree = "<group>";
		};
		C24E02C61A787539005E3861 /* ToDoList2Tests */ = {
			isa = PBXGroup;
			children = (
				C24E02C91A787539005E3861 /* ToDoList2Tests.swift */,
				C24E02C71A787539005E3861 /* Supporting Files */,
			);
			path = ToDoList2Tests;
			sourceTree = "<group>";
		};
		C24E02C71A787539005E3861 /* Supporting Files */ = {
			isa = PBXGroup;
			children = (
				C24E02C81A787539005E3861 /* Info.plist */,
			);
			name = "Supporting Files";
			sourceTree = "<group>";
		};
/* End PBXGroup section */

/* Begin PBXNativeTarget section */
		C24E02AD1A787538005E3861 /* ToDoList2 */ = {
			isa = PBXNativeTarget;
			buildConfigurationList = C24E02CD1A787539005E3861 /* Build configuration list for PBXNativeTarget "ToDoList2" */;
			buildPhases = (
				C24E02AA1A787538005E3861 /* Sources */,
				C24E02AB1A787538005E3861 /* Frameworks */,
				C24E02AC1A787538005E3861 /* Resources */,
			);
			buildRules = (
			);
			dependencies = (
			);
			name = ToDoList2;
			productName = ToDoList2;
			productReference = C24E02AE1A787538005E3861 /* ToDoList2.app */;
			productType = "com.apple.product-type.application";
		};
		C24E02C21A787539005E3861 /* ToDoList2Tests */ = {
			isa = PBXNativeTarget;
			buildConfigurationList = C24E02D01A787539005E3861 /* Build configuration list for PBXNativeTarget "ToDoList2Tests" */;
			buildPhases = (
				C24E02BF1A787539005E3861 /* Sources */,
				C24E02C01A787539005E3861 /* Frameworks */,
				C24E02C11A787539005E3861 /* Resources */,
			);
			buildRules = (
			);
			dependencies = (
				C24E02C51A787539005E3861 /* PBXTargetDependency */,
			);
			name = ToDoList2Tests;
			productName = ToDoList2Tests;
			productReference = C24E02C31A787539005E3861 /* ToDoList2Tests.xctest */;
			productType = "com.apple.product-type.bundle.unit-test";
		};
/* End PBXNativeTarget section */

/* Begin PBXProject section */
		C24E02A61A787538005E3861 /* Project object */ = {
			isa = PBXProject;
			attributes = {
				LastUpgradeCheck = 0610;
				ORGANIZATIONNAME = "Chi Phan";
				TargetAttributes = {
					C24E02AD1A787538005E3861 = {
						CreatedOnToolsVersion = 6.1.1;
					};
					C24E02C21A787539005E3861 = {
						CreatedOnToolsVersion = 6.1.1;
						TestTargetID = C24E02AD1A787538005E3861;
					};
				};
			};
			buildConfigurationList = C24E02A91A787538005E3861 /* Build configuration list for PBXProject "ToDoList2" */;
			compatibilityVersion = "Xcode 3.2";
			developmentRegion = English;
			hasScannedForEncodings = 0;
			knownRegions = (
				en,
				Base,
			);
			mainGroup = C24E02A51A787538005E3861;
			productRefGroup = C24E02AF1A787538005E3861 /* Products */;
			projectDirPath = "";
			projectRoot = "";
			targets = (
				C24E02AD1A787538005E3861 /* ToDoList2 */,
				C24E02C21A787539005E3861 /* ToDoList2Tests */,
			);
		};
/* End PBXProject section */

/* Begin PBXResourcesBuildPhase section */
		C24E02AC1A787538005E3861 /* Resources */ = {
			isa = PBXResourcesBuildPhase;
			buildActionMask = 2147483647;
			files = (
				C24E02B91A787538005E3861 /* Main.storyboard in Resources */,
				C24E02BE1A787539005E3861 /* LaunchScreen.xib in Resources */,
				C24E02BB1A787538005E3861 /* Images.xcassets in Resources */,
			);
			runOnlyForDeploymentPostprocessing = 0;
		};
		C24E02C11A787539005E3861 /* Resources */ = {
			isa = PBXResourcesBuildPhase;
			buildActionMask = 2147483647;
			files = (
			);
			runOnlyForDeploymentPostprocessing = 0;
		};
/* End PBXResourcesBuildPhase section */

/* Begin PBXSourcesBuildPhase section */
		C24E02AA1A787538005E3861 /* Sources */ = {
			isa = PBXSourcesBuildPhase;
			buildActionMask = 2147483647;
			files = (
				C2A636291A78AC3000F82E9F /* ToDoItemViewController.swift in Sources */,
				C2FAEC111A790548007F7442 /* ToDoItem.swift in Sources */,
				C24E02B41A787538005E3861 /* AppDelegate.swift in Sources */,
				C2A6362B1A78BADA00F82E9F /* ToDoListTableViewController.swift in Sources */,
			);
			runOnlyForDeploymentPostprocessing = 0;
		};
		C24E02BF1A787539005E3861 /* Sources */ = {
			isa = PBXSourcesBuildPhase;
			buildActionMask = 2147483647;
			files = (
				C24E02CA1A787539005E3861 /* ToDoList2Tests.swift in Sources */,
			);
			runOnlyForDeploymentPostprocessing = 0;
		};
/* End PBXSourcesBuildPhase section */

/* Begin PBXTargetDependency section */
		C24E02C51A787539005E3861 /* PBXTargetDependency */ = {
			isa = PBXTargetDependency;
			target = C24E02AD1A787538005E3861 /* ToDoList2 */;
			targetProxy = C24E02C41A787539005E3861 /* PBXContainerItemProxy */;
		};
/* End PBXTargetDependency section */

/* Begin PBXVariantGroup section */
		C24E02B71A787538005E3861 /* Main.storyboard */ = {
			isa = PBXVariantGroup;
			children = (
				C24E02B81A787538005E3861 /* Base */,
			);
			name = Main.storyboard;
			sourceTree = "<group>";
		};
		C24E02BC1A787539005E3861 /* LaunchScreen.xib */ = {
			isa = PBXVariantGroup;
			children = (
				C24E02BD1A787539005E3861 /* Base */,
			);
			name = LaunchScreen.xib;
			sourceTree = "<group>";
		};
/* End PBXVariantGroup section */

/* Begin XCBuildConfiguration section */
		C24E02CB1A787539005E3861 /* Debug */ = {
			isa = XCBuildConfiguration;
			buildSettings = {
				ALWAYS_SEARCH_USER_PATHS = NO;
				CLANG_CXX_LANGUAGE_STANDARD = "gnu++0x";
				CLANG_CXX_LIBRARY = "libc++";
				CLANG_ENABLE_MODULES = YES;
				CLANG_ENABLE_OBJC_ARC = YES;
				CLANG_WARN_BOOL_CONVERSION = YES;
				CLANG_WARN_CONSTANT_CONVERSION = YES;
				CLANG_WARN_DIRECT_OBJC_ISA_USAGE = YES_ERROR;
				CLANG_WARN_EMPTY_BODY = YES;
				CLANG_WARN_ENUM_CONVERSION = YES;
				CLANG_WARN_INT_CONVERSION = YES;
				CLANG_WARN_OBJC_ROOT_CLASS = YES_ERROR;
				CLANG_WARN_UNREACHABLE_CODE = YES;
				CLANG_WARN__DUPLICATE_METHOD_MATCH = YES;
				"CODE_SIGN_IDENTITY[sdk=iphoneos*]" = "iPhone Developer";
				COPY_PHASE_STRIP = NO;
				ENABLE_STRICT_OBJC_MSGSEND = YES;
				GCC_C_LANGUAGE_STANDARD = gnu99;
				GCC_DYNAMIC_NO_PIC = NO;
				GCC_OPTIMIZATION_LEVEL = 0;
				GCC_PREPROCESSOR_DEFINITIONS = (
					"DEBUG=1",
					"$(inherited)",
				);
				GCC_SYMBOLS_PRIVATE_EXTERN = NO;
				GCC_WARN_64_TO_32_BIT_CONVERSION = YES;
				GCC_WARN_ABOUT_RETURN_TYPE = YES_ERROR;
				GCC_WARN_UNDECLARED_SELECTOR = YES;
				GCC_WARN_UNINITIALIZED_AUTOS = YES_AGGRESSIVE;
				GCC_WARN_UNUSED_FUNCTION = YES;
				GCC_WARN_UNUSED_VARIABLE = YES;
				IPHONEOS_DEPLOYMENT_TARGET = 8.1;
				MTL_ENABLE_DEBUG_INFO = YES;
				ONLY_ACTIVE_ARCH = YES;
				SDKROOT = iphoneos;
				SWIFT_OPTIMIZATION_LEVEL = "-Onone";
				TARGETED_DEVICE_FAMILY = "1,2";
			};
			name = Debug;
		};
		C24E02CC1A787539005E3861 /* Release */ = {
			isa = XCBuildConfiguration;
			buildSettings = {
				ALWAYS_SEARCH_USER_PATHS = NO;
				CLANG_CXX_LANGUAGE_STANDARD = "gnu++0x";
				CLANG_CXX_LIBRARY = "libc++";
				CLANG_ENABLE_MODULES = YES;
				CLANG_ENABLE_OBJC_ARC = YES;
				CLANG_WARN_BOOL_CONVERSION = YES;
				CLANG_WARN_CONSTANT_CONVERSION = YES;
				CLANG_WARN_DIRECT_OBJC_ISA_USAGE = YES_ERROR;
				CLANG_WARN_EMPTY_BODY = YES;
				CLANG_WARN_ENUM_CONVERSION = YES;
				CLANG_WARN_INT_CONVERSION = YES;
				CLANG_WARN_OBJC_ROOT_CLASS = YES_ERROR;
				CLANG_WARN_UNREACHABLE_CODE = YES;
				CLANG_WARN__DUPLICATE_METHOD_MATCH = YES;
				"CODE_SIGN_IDENTITY[sdk=iphoneos*]" = "iPhone Developer";
				COPY_PHASE_STRIP = YES;
				ENABLE_NS_ASSERTIONS = NO;
				ENABLE_STRICT_OBJC_MSGSEND = YES;
				GCC_C_LANGUAGE_STANDARD = gnu99;
				GCC_WARN_64_TO_32_BIT_CONVERSION = YES;
				GCC_WARN_ABOUT_RETURN_TYPE = YES_ERROR;
				GCC_WARN_UNDECLARED_SELECTOR = YES;
				GCC_WARN_UNINITIALIZED_AUTOS = YES_AGGRESSIVE;
				GCC_WARN_UNUSED_FUNCTION = YES;
				GCC_WARN_UNUSED_VARIABLE = YES;
				IPHONEOS_DEPLOYMENT_TARGET = 8.1;
				MTL_ENABLE_DEBUG_INFO = NO;
				SDKROOT = iphoneos;
				TARGETED_DEVICE_FAMILY = "1,2";
				VALIDATE_PRODUCT = YES;
			};
			name = Release;
		};
		C24E02CE1A787539005E3861 /* Debug */ = {
			isa = XCBuildConfiguration;
			buildSettings = {
				ASSETCATALOG_COMPILER_APPICON_NAME = AppIcon;
				INFOPLIST_FILE = ToDoList2/Info.plist;
				LD_RUNPATH_SEARCH_PATHS = "$(inherited) @executable_path/Frameworks";
				PRODUCT_NAME = "$(TARGET_NAME)";
			};
			name = Debug;
		};
		C24E02CF1A787539005E3861 /* Release */ = {
			isa = XCBuildConfiguration;
			buildSettings = {
				ASSETCATALOG_COMPILER_APPICON_NAME = AppIcon;
				INFOPLIST_FILE = ToDoList2/Info.plist;
				LD_RUNPATH_SEARCH_PATHS = "$(inherited) @executable_path/Frameworks";
				PRODUCT_NAME = "$(TARGET_NAME)";
			};
			name = Release;
		};
		C24E02D11A787539005E3861 /* Debug */ = {
			isa = XCBuildConfiguration;
			buildSettings = {
				BUNDLE_LOADER = "$(TEST_HOST)";
				FRAMEWORK_SEARCH_PATHS = (
					"$(SDKROOT)/Developer/Library/Frameworks",
					"$(inherited)",
				);
				GCC_PREPROCESSOR_DEFINITIONS = (
					"DEBUG=1",
					"$(inherited)",
				);
				INFOPLIST_FILE = ToDoList2Tests/Info.plist;
				LD_RUNPATH_SEARCH_PATHS = "$(inherited) @executable_path/Frameworks @loader_path/Frameworks";
				PRODUCT_NAME = "$(TARGET_NAME)";
				TEST_HOST = "$(BUILT_PRODUCTS_DIR)/ToDoList2.app/ToDoList2";
			};
			name = Debug;
		};
		C24E02D21A787539005E3861 /* Release */ = {
			isa = XCBuildConfiguration;
			buildSettings = {
				BUNDLE_LOADER = "$(TEST_HOST)";
				FRAMEWORK_SEARCH_PATHS = (
					"$(SDKROOT)/Developer/Library/Frameworks",
					"$(inherited)",
				);
				INFOPLIST_FILE = ToDoList2Tests/Info.plist;
				LD_RUNPATH_SEARCH_PATHS = "$(inherited) @executable_path/Frameworks @loader_path/Frameworks";
				PRODUCT_NAME = "$(TARGET_NAME)";
				TEST_HOST = "$(BUILT_PRODUCTS_DIR)/ToDoList2.app/ToDoList2";
			};
			name = Release;
		};
/* End XCBuildConfiguration section */

/* Begin XCConfigurationList section */
		C24E02A91A787538005E3861 /* Build configuration list for PBXProject "ToDoList2" */ = {
			isa = XCConfigurationList;
			buildConfigurations = (
				C24E02CB1A787539005E3861 /* Debug */,
				C24E02CC1A787539005E3861 /* Release */,
			);
			defaultConfigurationIsVisible = 0;
			defaultConfigurationName = Release;
		};
		C24E02CD1A787539005E3861 /* Build configuration list for PBXNativeTarget "ToDoList2" */ = {
			isa = XCConfigurationList;
			buildConfigurations = (
				C24E02CE1A787539005E3861 /* Debug */,
				C24E02CF1A787539005E3861 /* Release */,
			);
			defaultConfigurationIsVisible = 0;
			defaultConfigurationName = Release;
		};
		C24E02D01A787539005E3861 /* Build configuration list for PBXNativeTarget "ToDoList2Tests" */ = {
			isa = XCConfigurationList;
			buildConfigurations = (
				C24E02D11A787539005E3861 /* Debug */,
				C24E02D21A787539005E3861 /* Release */,
			);
			defaultConfigurationIsVisible = 0;
			defaultConfigurationName = Release;
		};
/* End XCConfigurationList section */
	};
	rootObject = C24E02A61A787538005E3861 /* Project object */;
}
